
Microsoft Visual Studio Solution File, Format Version 12.00
# Visual Studio Version 17
VisualStudioVersion = 17.9.34728.123
MinimumVisualStudioVersion = 10.0.40219.1
Project("{FAE04EC0-301F-11D3-BF4B-00C04F79EFBC}") = "CoreMVCcodeql", "CoreMVCcodeql\CoreMVCcodeql.csproj", "{A6D4ABCE-F4EC-4CE0-B883-4FEB6BBF63BB}"
EndProject
Global
	GlobalSection(SolutionConfigurationPlatforms) = preSolution
		Debug|Any CPU = Debug|Any CPU
		Release|Any CPU = Release|Any CPU
	EndGlobalSection
	GlobalSection(ProjectConfigurationPlatforms) = postSolution
		{A6D4ABCE-F4EC-4CE0-B883-4FEB6BBF63BB}.Debug|Any CPU.ActiveCfg = Debug|Any CPU
		{A6D4ABCE-F4EC-4CE0-B883-4FEB6BBF63BB}.Debug|Any CPU.Build.0 = Debug|Any CPU
		{A6D4ABCE-F4EC-4CE0-B883-4FEB6BBF63BB}.Release|Any CPU.ActiveCfg = Release|Any CPU
		{A6D4ABCE-F4EC-4CE0-B883-4FEB6BBF63BB}.Release|Any CPU.Build.0 = Release|Any CPU
	EndGlobalSection
	GlobalSection(SolutionProperties) = preSolution
		HideSolutionNode = FALSE
	EndGlobalSection
	GlobalSection(ExtensibilityGlobals) = postSolution
		SolutionGuid = {FAF448A5-76DE-44FA-86EC-1F5680B21A86}
	EndGlobalSection
EndGlobal
